
Microsoft Visual Studio Solution File, Format Version 12.00
# Visual Studio Version 18
VisualStudioVersion = 18.5.11709.299 stable
MinimumVisualStudioVersion = 10.0.40219.1
Project("{FAE04EC0-301F-11D3-BF4B-00C04F79EFBC}") = "PadelApi", "PadelApi.csproj", "{2687F5E0-B625-503E-FF7C-E0A059B3CC5F}"
EndProject
Global
	GlobalSection(SolutionConfigurationPlatforms) = preSolution
		Debug|Any CPU = Debug|Any CPU
		Release|Any CPU = Release|Any CPU
	EndGlobalSection
	GlobalSection(ProjectConfigurationPlatforms) = postSolution
		{2687F5E0-B625-503E-FF7C-E0A059B3CC5F}.Debug|Any CPU.ActiveCfg = Debug|Any CPU
		{2687F5E0-B625-503E-FF7C-E0A059B3CC5F}.Debug|Any CPU.Build.0 = Debug|Any CPU
		{2687F5E0-B625-503E-FF7C-E0A059B3CC5F}.Release|Any CPU.ActiveCfg = Release|Any CPU
		{2687F5E0-B625-503E-FF7C-E0A059B3CC5F}.Release|Any CPU.Build.0 = Release|Any CPU
	EndGlobalSection
	GlobalSection(SolutionProperties) = preSolution
		HideSolutionNode = FALSE
	EndGlobalSection
	GlobalSection(ExtensibilityGlobals) = postSolution
		SolutionGuid = {802043E9-9718-4ECE-8063-38E09F417DEA}
	EndGlobalSection
EndGlobal
